
Microsoft Visual Studio Solution File, Format Version 12.00
# Visual Studio Version 17
VisualStudioVersion = 17.5.33424.131
MinimumVisualStudioVersion = 10.0.40219.1
Project("{8BC9CEB8-8B4A-11D0-8D11-00A0C91BC942}") = "GameEngineBase", "GameEngineBase\GameEngineBase.vcxproj", "{A6E9BFEE-96EC-4FC9-9219-12202F5126CC}"
EndProject
Project("{8BC9CEB8-8B4A-11D0-8D11-00A0C91BC942}") = "GameEnginePlatform", "GameEnginePlatform\GameEnginePlatform.vcxproj", "{012509BD-0610-46F2-BCEF-076C0828D24F}"
	ProjectSection(ProjectDependencies) = postProject
		{A6E9BFEE-96EC-4FC9-9219-12202F5126CC} = {A6E9BFEE-96EC-4FC9-9219-12202F5126CC}
	EndProjectSection
EndProject
Project("{2150E333-8FDC-42A3-9474-1A3956D46DE8}") = "App", "App", "{2B08C858-EA6E-462C-9D78-7F8FF5ABFC43}"
EndProject
Project("{8BC9CEB8-8B4A-11D0-8D11-00A0C91BC942}") = "App", "App\App.vcxproj", "{0A93F9B2-25CC-4B96-B255-76283717DF2A}"
	ProjectSection(ProjectDependencies) = postProject
		{012509BD-0610-46F2-BCEF-076C0828D24F} = {012509BD-0610-46F2-BCEF-076C0828D24F}
		{A6E9BFEE-96EC-4FC9-9219-12202F5126CC} = {A6E9BFEE-96EC-4FC9-9219-12202F5126CC}
	EndProjectSection
EndProject
Project("{2150E333-8FDC-42A3-9474-1A3956D46DE8}") = "Contents", "Contents", "{69C0672B-62C1-444B-A876-C65DCAB45EC8}"
EndProject
Project("{2150E333-8FDC-42A3-9474-1A3956D46DE8}") = "Engine", "Engine", "{DD401DC8-D3E5-4CF3-82D6-7783FE93028A}"
EndProject
Project("{2150E333-8FDC-42A3-9474-1A3956D46DE8}") = "Level1", "Level1", "{C28CA58F-F67C-4017-827B-CFAEBD292BA4}"
EndProject
Project("{2150E333-8FDC-42A3-9474-1A3956D46DE8}") = "Level0", "Level0", "{DE0DD320-2103-439C-928B-07CF1A4E45A7}"
EndProject
Project("{8BC9CEB8-8B4A-11D0-8D11-00A0C91BC942}") = "GameEngineCore", "GameEngineCore\GameEngineCore.vcxproj", "{3AE6842C-26EE-4BFB-8F67-087F14C4CBE8}"
	ProjectSection(ProjectDependencies) = postProject
		{012509BD-0610-46F2-BCEF-076C0828D24F} = {012509BD-0610-46F2-BCEF-076C0828D24F}
		{A6E9BFEE-96EC-4FC9-9219-12202F5126CC} = {A6E9BFEE-96EC-4FC9-9219-12202F5126CC}
	EndProjectSection
EndProject
Global
	GlobalSection(SolutionConfigurationPlatforms) = preSolution
		Debug|x64 = Debug|x64
		Debug|x86 = Debug|x86
		Release|x64 = Release|x64
		Release|x86 = Release|x86
	EndGlobalSection
	GlobalSection(ProjectConfigurationPlatforms) = postSolution
		{A6E9BFEE-96EC-4FC9-9219-12202F5126CC}.Debug|x64.ActiveCfg = Debug|x64
		{A6E9BFEE-96EC-4FC9-9219-12202F5126CC}.Debug|x64.Build.0 = Debug|x64
		{A6E9BFEE-96EC-4FC9-9219-12202F5126CC}.Debug|x86.ActiveCfg = Debug|Win32
		{A6E9BFEE-96EC-4FC9-9219-12202F5126CC}.Debug|x86.Build.0 = Debug|Win32
		{A6E9BFEE-96EC-4FC9-9219-12202F5126CC}.Release|x64.ActiveCfg = Release|x64
		{A6E9BFEE-96EC-4FC9-9219-12202F5126CC}.Release|x64.Build.0 = Release|x64
		{A6E9BFEE-96EC-4FC9-9219-12202F5126CC}.Release|x86.ActiveCfg = Release|Win32
		{A6E9BFEE-96EC-4FC9-9219-12202F5126CC}.Release|x86.Build.0 = Release|Win32
		{012509BD-0610-46F2-BCEF-076C0828D24F}.Debug|x64.ActiveCfg = Debug|x64
		{012509BD-0610-46F2-BCEF-076C0828D24F}.Debug|x64.Build.0 = Debug|x64
		{012509BD-0610-46F2-BCEF-076C0828D24F}.Debug|x86.ActiveCfg = Debug|Win32
		{012509BD-0610-46F2-BCEF-076C0828D24F}.Debug|x86.Build.0 = Debug|Win32
		{012509BD-0610-46F2-BCEF-076C0828D24F}.Release|x64.ActiveCfg = Release|x64
		{012509BD-0610-46F2-BCEF-076C0828D24F}.Release|x64.Build.0 = Release|x64
		{012509BD-0610-46F2-BCEF-076C0828D24F}.Release|x86.ActiveCfg = Release|Win32
		{012509BD-0610-46F2-BCEF-076C0828D24F}.Release|x86.Build.0 = Release|Win32
		{0A93F9B2-25CC-4B96-B255-76283717DF2A}.Debug|x64.ActiveCfg = Debug|x64
		{0A93F9B2-25CC-4B96-B255-76283717DF2A}.Debug|x64.Build.0 = Debug|x64
		{0A93F9B2-25CC-4B96-B255-76283717DF2A}.Debug|x86.ActiveCfg = Debug|Win32
		{0A93F9B2-25CC-4B96-B255-76283717DF2A}.Debug|x86.Build.0 = Debug|Win32
		{0A93F9B2-25CC-4B96-B255-76283717DF2A}.Release|x64.ActiveCfg = Release|x64
		{0A93F9B2-25CC-4B96-B255-76283717DF2A}.Release|x64.Build.0 = Release|x64
		{0A93F9B2-25CC-4B96-B255-76283717DF2A}.Release|x86.ActiveCfg = Release|Win32
		{0A93F9B2-25CC-4B96-B255-76283717DF2A}.Release|x86.Build.0 = Release|Win32
		{3AE6842C-26EE-4BFB-8F67-087F14C4CBE8}.Debug|x64.ActiveCfg = Debug|x64
		{3AE6842C-26EE-4BFB-8F67-087F14C4CBE8}.Debug|x64.Build.0 = Debug|x64
		{3AE6842C-26EE-4BFB-8F67-087F14C4CBE8}.Debug|x86.ActiveCfg = Debug|Win32
		{3AE6842C-26EE-4BFB-8F67-087F14C4CBE8}.Debug|x86.Build.0 = Debug|Win32
		{3AE6842C-26EE-4BFB-8F67-087F14C4CBE8}.Release|x64.ActiveCfg = Release|x64
		{3AE6842C-26EE-4BFB-8F67-087F14C4CBE8}.Release|x64.Build.0 = Release|x64
		{3AE6842C-26EE-4BFB-8F67-087F14C4CBE8}.Release|x86.ActiveCfg = Release|Win32
		{3AE6842C-26EE-4BFB-8F67-087F14C4CBE8}.Release|x86.Build.0 = Release|Win32
	EndGlobalSection
	GlobalSection(SolutionProperties) = preSolution
		HideSolutionNode = FALSE
	EndGlobalSection
	GlobalSection(NestedProjects) = preSolution
		{A6E9BFEE-96EC-4FC9-9219-12202F5126CC} = {DE0DD320-2103-439C-928B-07CF1A4E45A7}
		{012509BD-0610-46F2-BCEF-076C0828D24F} = {DE0DD320-2103-439C-928B-07CF1A4E45A7}
		{0A93F9B2-25CC-4B96-B255-76283717DF2A} = {2B08C858-EA6E-462C-9D78-7F8FF5ABFC43}
		{C28CA58F-F67C-4017-827B-CFAEBD292BA4} = {DD401DC8-D3E5-4CF3-82D6-7783FE93028A}
		{DE0DD320-2103-439C-928B-07CF1A4E45A7} = {DD401DC8-D3E5-4CF3-82D6-7783FE93028A}
		{3AE6842C-26EE-4BFB-8F67-087F14C4CBE8} = {C28CA58F-F67C-4017-827B-CFAEBD292BA4}
	EndGlobalSection
	GlobalSection(ExtensibilityGlobals) = postSolution
		SolutionGuid = {7C286E11-C684-4F98-8A02-7252A93A3561}
	EndGlobalSection
EndGlobal
