<?xml version="1.0" encoding="utf-8"?>
<Project ToolsVersion="4.0" xmlns="http://schemas.microsoft.com/developer/msbuild/2003">
  <ItemGroup>
    <ClInclude Include="DFICore.h" />
    <ClInclude Include="PrecompileHeader.h" />
    <ClInclude Include="Planet.h">
      <Filter>PublicObject</Filter>
    </ClInclude>
    <ClInclude Include="ContentsEnum.h" />
    <ClInclude Include="EditLevel.h">
      <Filter>Levels\EditLevel</Filter>
    </ClInclude>
    <ClInclude Include="PlayLevel.h">
      <Filter>Levels\PlayLevel</Filter>
    </ClInclude>
    <ClInclude Include="TitleLevel.h">
      <Filter>Levels\TitleLevel</Filter>
    </ClInclude>
    <ClInclude Include="EditGui.h">
      <Filter>Levels\EditLevel\Obj</Filter>
    </ClInclude>
    <ClInclude Include="TitleLogo.h">
      <Filter>Levels\TitleLevel\Obj</Filter>
    </ClInclude>
    <ClInclude Include="CenterLevel.h">
      <Filter>Levels\CenterLevel</Filter>
    </ClInclude>
    <ClInclude Include="Tiles.h">
      <Filter>Levels\EditLevel\Obj</Filter>
    </ClInclude>
    <ClInclude Include="FadeEffect.h">
      <Filter>PostEffect</Filter>
    </ClInclude>
    <ClInclude Include="Portal.h">
      <Filter>PublicObject</Filter>
    </ClInclude>
    <ClInclude Include="TestScreen.h">
      <Filter>TestObj</Filter>
    </ClInclude>
    <ClInclude Include="TestObject.h">
      <Filter>TestObj</Filter>
    </ClInclude>
    <ClInclude Include="SquareGlowEffect.h">
      <Filter>PublicObject\Effect</Filter>
    </ClInclude>
    <ClInclude Include="RoundGlowEffect.h">
      <Filter>PublicObject\Effect</Filter>
    </ClInclude>
    <ClInclude Include="BlackScreen.h">
      <Filter>PublicObject\BackGround</Filter>
    </ClInclude>
    <ClInclude Include="Level1BackGround.h">
      <Filter>Levels\PlayLevel\Obj</Filter>
    </ClInclude>
    <ClInclude Include="TitleBackGround.h">
      <Filter>Levels\TitleLevel\Obj</Filter>
    </ClInclude>
    <ClInclude Include="TextObj.h">
      <Filter>PublicObject</Filter>
    </ClInclude>
    <ClInclude Include="FireWorkEffect.h">
      <Filter>PostEffect</Filter>
    </ClInclude>
    <ClInclude Include="SmokeEffect.h">
      <Filter>PublicObject\Effect</Filter>
    </ClInclude>
    <ClInclude Include="TestEffect.h">
      <Filter>PostEffect</Filter>
    </ClInclude>
    <ClInclude Include="GlobalValue.h" />
    <ClInclude Include="BackGroundRenderer.h">
      <Filter>PostEffect</Filter>
    </ClInclude>
    <ClInclude Include="BgmSpeed.h">
      <Filter>Levels\PlayLevel\Obj</Filter>
    </ClInclude>
    <ClInclude Include="WrongMark.h">
      <Filter>Levels\PlayLevel\Obj</Filter>
    </ClInclude>
  </ItemGroup>
  <ItemGroup>
    <ClCompile Include="DFICore.cpp" />
    <ClCompile Include="PrecompileHeader.cpp" />
    <ClCompile Include="Planet.cpp">
      <Filter>PublicObject</Filter>
    </ClCompile>
    <ClCompile Include="EditLevel.cpp">
      <Filter>Levels\EditLevel</Filter>
    </ClCompile>
    <ClCompile Include="PlayLevel.cpp">
      <Filter>Levels\PlayLevel</Filter>
    </ClCompile>
    <ClCompile Include="TitleLevel.cpp">
      <Filter>Levels\TitleLevel</Filter>
    </ClCompile>
    <ClCompile Include="EditGui.cpp">
      <Filter>Levels\EditLevel\Obj</Filter>
    </ClCompile>
    <ClCompile Include="TitleLogo.cpp">
      <Filter>Levels\TitleLevel\Obj</Filter>
    </ClCompile>
    <ClCompile Include="CenterLevel.cpp">
      <Filter>Levels\CenterLevel</Filter>
    </ClCompile>
    <ClCompile Include="Tiles.cpp">
      <Filter>Levels\EditLevel\Obj</Filter>
    </ClCompile>
    <ClCompile Include="FadeEffect.cpp">
      <Filter>PostEffect</Filter>
    </ClCompile>
    <ClCompile Include="Contents_Resources.cpp" />
    <ClCompile Include="Portal.cpp">
      <Filter>PublicObject</Filter>
    </ClCompile>
    <ClCompile Include="TestObject.cpp">
      <Filter>TestObj</Filter>
    </ClCompile>
    <ClCompile Include="TestScreen.cpp">
      <Filter>TestObj</Filter>
    </ClCompile>
    <ClCompile Include="SquareGlowEffect.cpp">
      <Filter>PublicObject\Effect</Filter>
    </ClCompile>
    <ClCompile Include="RoundGlowEffect.cpp">
      <Filter>PublicObject\Effect</Filter>
    </ClCompile>
    <ClCompile Include="BlackScreen.cpp">
      <Filter>PublicObject\BackGround</Filter>
    </ClCompile>
    <ClCompile Include="Level1BackGround.cpp">
      <Filter>Levels\PlayLevel\Obj</Filter>
    </ClCompile>
    <ClCompile Include="TitleBackGround.cpp">
      <Filter>Levels\TitleLevel\Obj</Filter>
    </ClCompile>
    <ClCompile Include="TextObj.cpp">
      <Filter>PublicObject</Filter>
    </ClCompile>
    <ClCompile Include="FireWorkEffect.cpp">
      <Filter>PostEffect</Filter>
    </ClCompile>
    <ClCompile Include="SmokeEffect.cpp">
      <Filter>PublicObject\Effect</Filter>
    </ClCompile>
    <ClCompile Include="TestEffect.cpp">
      <Filter>PostEffect</Filter>
    </ClCompile>
    <ClCompile Include="GlobalValue.cpp" />
    <ClCompile Include="BackGroundRenderer.cpp">
      <Filter>PostEffect</Filter>
    </ClCompile>
    <ClCompile Include="BgmSpeed.cpp">
      <Filter>Levels\PlayLevel\Obj</Filter>
    </ClCompile>
    <ClCompile Include="WrongMark.cpp">
      <Filter>Levels\PlayLevel\Obj</Filter>
    </ClCompile>
  </ItemGroup>
  <ItemGroup>
    <Filter Include="Levels">
      <UniqueIdentifier>{3d17108a-64cc-412c-add8-c9f82f90c9e4}</UniqueIdentifier>
    </Filter>
    <Filter Include="Levels\TitleLevel">
      <UniqueIdentifier>{8ae0dcca-1833-46a7-9dcc-b445f0e2d604}</UniqueIdentifier>
    </Filter>
    <Filter Include="Levels\EditLevel">
      <UniqueIdentifier>{de0ad5ce-e0ed-419d-8f8b-e3758e022dbe}</UniqueIdentifier>
    </Filter>
    <Filter Include="Levels\PlayLevel">
      <UniqueIdentifier>{1e2f6a92-9908-485c-9bf6-1860a8918092}</UniqueIdentifier>
    </Filter>
    <Filter Include="Levels\EditLevel\Obj">
      <UniqueIdentifier>{4630cd3e-d237-4511-b785-74950fe238c8}</UniqueIdentifier>
    </Filter>
    <Filter Include="Levels\PlayLevel\Obj">
      <UniqueIdentifier>{40a949fb-3b70-4016-9b67-71eff8e2879b}</UniqueIdentifier>
    </Filter>
    <Filter Include="Levels\TitleLevel\Obj">
      <UniqueIdentifier>{f98e0613-0c63-4e84-bed4-380c95a6b41a}</UniqueIdentifier>
    </Filter>
    <Filter Include="PublicObject">
      <UniqueIdentifier>{df11f953-5c45-4952-85fb-a35bec5d2a60}</UniqueIdentifier>
    </Filter>
    <Filter Include="PostEffect">
      <UniqueIdentifier>{878aa53d-9b07-46bb-9930-b34cfa029088}</UniqueIdentifier>
    </Filter>
    <Filter Include="TestObj">
      <UniqueIdentifier>{5e14cc9a-c6eb-4b02-9b45-0038facf9beb}</UniqueIdentifier>
    </Filter>
    <Filter Include="PublicObject\Effect">
      <UniqueIdentifier>{5a681c16-5392-4d00-9ad8-1afbb5c0de32}</UniqueIdentifier>
    </Filter>
    <Filter Include="PublicObject\BackGround">
      <UniqueIdentifier>{843510cc-0d01-4876-a60c-8e5e933a858e}</UniqueIdentifier>
    </Filter>
    <Filter Include="Levels\CenterLevel">
      <UniqueIdentifier>{b9cbe269-9b4d-482a-bca6-90b7d293f58a}</UniqueIdentifier>
    </Filter>
  </ItemGroup>
  <ItemGroup>
    <Text Include="..\dfi.txt" />
  </ItemGroup>
</Project>